
Microsoft Visual Studio Solution File, Format Version 12.00
# Visual Studio 15
VisualStudioVersion = 15.0.26730.12
MinimumVisualStudioVersion = 10.0.40219.1
Project("{8BC9CEB8-8B4A-11D0-8D11-00A0C91BC942}") = "fastfuncs", "fastfuncs.vcxproj", "{49C7C013-8F72-4D66-87B4-42F44AB496B0}"
EndProject
Global
	GlobalSection(SolutionConfigurationPlatforms) = preSolution
		Debug|Win32 = Debug|Win32
		Debug105|Win32 = Debug105|Win32
		Release100|Win32 = Release100|Win32
		Release105|Win32 = Release105|Win32
		Release110|Win32 = Release110|Win32
		Release115|Win32 = Release115|Win32
		Release120|Win32 = Release120|Win32
		Release125|Win32 = Release125|Win32
		Release170|Win32 = Release170|Win32
		Release190|Win32 = Release190|Win32
	EndGlobalSection
	GlobalSection(ProjectConfigurationPlatforms) = postSolution
		{49C7C013-8F72-4D66-87B4-42F44AB496B0}.Debug|Win32.ActiveCfg = Debug|Win32
		{49C7C013-8F72-4D66-87B4-42F44AB496B0}.Debug|Win32.Build.0 = Debug|Win32
		{49C7C013-8F72-4D66-87B4-42F44AB496B0}.Debug105|Win32.ActiveCfg = Debug105|Win32
		{49C7C013-8F72-4D66-87B4-42F44AB496B0}.Debug105|Win32.Build.0 = Debug105|Win32
		{49C7C013-8F72-4D66-87B4-42F44AB496B0}.Release100|Win32.ActiveCfg = Release100|Win32
		{49C7C013-8F72-4D66-87B4-42F44AB496B0}.Release100|Win32.Build.0 = Release100|Win32
		{49C7C013-8F72-4D66-87B4-42F44AB496B0}.Release105|Win32.ActiveCfg = Release105|Win32
		{49C7C013-8F72-4D66-87B4-42F44AB496B0}.Release105|Win32.Build.0 = Release105|Win32
		{49C7C013-8F72-4D66-87B4-42F44AB496B0}.Release110|Win32.ActiveCfg = Release110|Win32
		{49C7C013-8F72-4D66-87B4-42F44AB496B0}.Release110|Win32.Build.0 = Release110|Win32
		{49C7C013-8F72-4D66-87B4-42F44AB496B0}.Release115|Win32.ActiveCfg = Release115|Win32
		{49C7C013-8F72-4D66-87B4-42F44AB496B0}.Release115|Win32.Build.0 = Release115|Win32
		{49C7C013-8F72-4D66-87B4-42F44AB496B0}.Release120|Win32.ActiveCfg = Release120|Win32
		{49C7C013-8F72-4D66-87B4-42F44AB496B0}.Release120|Win32.Build.0 = Release120|Win32
		{49C7C013-8F72-4D66-87B4-42F44AB496B0}.Release125|Win32.ActiveCfg = Release125|Win32
		{49C7C013-8F72-4D66-87B4-42F44AB496B0}.Release125|Win32.Build.0 = Release125|Win32
		{49C7C013-8F72-4D66-87B4-42F44AB496B0}.Release170|Win32.ActiveCfg = Release170|Win32
		{49C7C013-8F72-4D66-87B4-42F44AB496B0}.Release170|Win32.Build.0 = Release170|Win32
		{49C7C013-8F72-4D66-87B4-42F44AB496B0}.Release190|Win32.ActiveCfg = Release190|Win32
		{49C7C013-8F72-4D66-87B4-42F44AB496B0}.Release190|Win32.Build.0 = Release190|Win32
	EndGlobalSection
	GlobalSection(SolutionProperties) = preSolution
		HideSolutionNode = FALSE
	EndGlobalSection
	GlobalSection(ExtensibilityGlobals) = postSolution
		SolutionGuid = {81143B54-D5B5-48D2-87E2-AFEE03D49068}
	EndGlobalSection
EndGlobal
